
Microsoft Visual Studio Solution File, Format Version 12.00
# Visual Studio 14
VisualStudioVersion = 14.0.25420.1
MinimumVisualStudioVersion = 10.0.40219.1
Project("{FAE04EC0-301F-11D3-BF4B-00C04F79EFBC}") = "StyleDemo.Android", "StyleDemo\StyleDemo.Android\StyleDemo.Android.csproj", "{8AE71452-7355-4C2B-BB92-38316C4346B2}"
EndProject
Project("{FAE04EC0-301F-11D3-BF4B-00C04F79EFBC}") = "StyleDemo", "StyleDemo\StyleDemo\StyleDemo.csproj", "{630494C3-5B0A-4725-ADA4-B1892D16BAD3}"
EndProject
Project("{FAE04EC0-301F-11D3-BF4B-00C04F79EFBC}") = "StyleDemo.UWP", "StyleDemo\StyleDemo.UWP\StyleDemo.UWP.csproj", "{103E3AC8-43E3-4E73-A898-93F90DB3BB84}"
EndProject
Project("{FAE04EC0-301F-11D3-BF4B-00C04F79EFBC}") = "StyleDemo.iOS", "StyleDemo\StyleDemo.iOS\StyleDemo.iOS.csproj", "{A60AF6E4-67FA-44A3-A0DB-C3E2C0853777}"
EndProject
Global
	GlobalSection(SolutionConfigurationPlatforms) = preSolution
		Ad-Hoc|Any CPU = Ad-Hoc|Any CPU
		Ad-Hoc|ARM = Ad-Hoc|ARM
		Ad-Hoc|iPhone = Ad-Hoc|iPhone
		Ad-Hoc|iPhoneSimulator = Ad-Hoc|iPhoneSimulator
		Ad-Hoc|x64 = Ad-Hoc|x64
		Ad-Hoc|x86 = Ad-Hoc|x86
		AppStore|Any CPU = AppStore|Any CPU
		AppStore|ARM = AppStore|ARM
		AppStore|iPhone = AppStore|iPhone
		AppStore|iPhoneSimulator = AppStore|iPhoneSimulator
		AppStore|x64 = AppStore|x64
		AppStore|x86 = AppStore|x86
		Debug|Any CPU = Debug|Any CPU
		Debug|ARM = Debug|ARM
		Debug|iPhone = Debug|iPhone
		Debug|iPhoneSimulator = Debug|iPhoneSimulator
		Debug|x64 = Debug|x64
		Debug|x86 = Debug|x86
		Release|Any CPU = Release|Any CPU
		Release|ARM = Release|ARM
		Release|iPhone = Release|iPhone
		Release|iPhoneSimulator = Release|iPhoneSimulator
		Release|x64 = Release|x64
		Release|x86 = Release|x86
	EndGlobalSection
	GlobalSection(ProjectConfigurationPlatforms) = postSolution
		{8AE71452-7355-4C2B-BB92-38316C4346B2}.Ad-Hoc|Any CPU.ActiveCfg = Release|Any CPU
		{8AE71452-7355-4C2B-BB92-38316C4346B2}.Ad-Hoc|Any CPU.Build.0 = Release|Any CPU
		{8AE71452-7355-4C2B-BB92-38316C4346B2}.Ad-Hoc|Any CPU.Deploy.0 = Release|Any CPU
		{8AE71452-7355-4C2B-BB92-38316C4346B2}.Ad-Hoc|ARM.ActiveCfg = Release|Any CPU
		{8AE71452-7355-4C2B-BB92-38316C4346B2}.Ad-Hoc|ARM.Build.0 = Release|Any CPU
		{8AE71452-7355-4C2B-BB92-38316C4346B2}.Ad-Hoc|ARM.Deploy.0 = Release|Any CPU
		{8AE71452-7355-4C2B-BB92-38316C4346B2}.Ad-Hoc|iPhone.ActiveCfg = Release|Any CPU
		{8AE71452-7355-4C2B-BB92-38316C4346B2}.Ad-Hoc|iPhone.Build.0 = Release|Any CPU
		{8AE71452-7355-4C2B-BB92-38316C4346B2}.Ad-Hoc|iPhone.Deploy.0 = Release|Any CPU
		{8AE71452-7355-4C2B-BB92-38316C4346B2}.Ad-Hoc|iPhoneSimulator.ActiveCfg = Release|Any CPU
		{8AE71452-7355-4C2B-BB92-38316C4346B2}.Ad-Hoc|iPhoneSimulator.Build.0 = Release|Any CPU
		{8AE71452-7355-4C2B-BB92-38316C4346B2}.Ad-Hoc|iPhoneSimulator.Deploy.0 = Release|Any CPU
		{8AE71452-7355-4C2B-BB92-38316C4346B2}.Ad-Hoc|x64.ActiveCfg = Release|Any CPU
		{8AE71452-7355-4C2B-BB92-38316C4346B2}.Ad-Hoc|x64.Build.0 = Release|Any CPU
		{8AE71452-7355-4C2B-BB92-38316C4346B2}.Ad-Hoc|x64.Deploy.0 = Release|Any CPU
		{8AE71452-7355-4C2B-BB92-38316C4346B2}.Ad-Hoc|x86.ActiveCfg = Release|Any CPU
		{8AE71452-7355-4C2B-BB92-38316C4346B2}.Ad-Hoc|x86.Build.0 = Release|Any CPU
		{8AE71452-7355-4C2B-BB92-38316C4346B2}.Ad-Hoc|x86.Deploy.0 = Release|Any CPU
		{8AE71452-7355-4C2B-BB92-38316C4346B2}.AppStore|Any CPU.ActiveCfg = Release|Any CPU
		{8AE71452-7355-4C2B-BB92-38316C4346B2}.AppStore|Any CPU.Build.0 = Release|Any CPU
		{8AE71452-7355-4C2B-BB92-38316C4346B2}.AppStore|Any CPU.Deploy.0 = Release|Any CPU
		{8AE71452-7355-4C2B-BB92-38316C4346B2}.AppStore|ARM.ActiveCfg = Release|Any CPU
		{8AE71452-7355-4C2B-BB92-38316C4346B2}.AppStore|ARM.Build.0 = Release|Any CPU
		{8AE71452-7355-4C2B-BB92-38316C4346B2}.AppStore|ARM.Deploy.0 = Release|Any CPU
		{8AE71452-7355-4C2B-BB92-38316C4346B2}.AppStore|iPhone.ActiveCfg = Release|Any CPU
		{8AE71452-7355-4C2B-BB92-38316C4346B2}.AppStore|iPhone.Build.0 = Release|Any CPU
		{8AE71452-7355-4C2B-BB92-38316C4346B2}.AppStore|iPhone.Deploy.0 = Release|Any CPU
		{8AE71452-7355-4C2B-BB92-38316C4346B2}.AppStore|iPhoneSimulator.ActiveCfg = Release|Any CPU
		{8AE71452-7355-4C2B-BB92-38316C4346B2}.AppStore|iPhoneSimulator.Build.0 = Release|Any CPU
		{8AE71452-7355-4C2B-BB92-38316C4346B2}.AppStore|iPhoneSimulator.Deploy.0 = Release|Any CPU
		{8AE71452-7355-4C2B-BB92-38316C4346B2}.AppStore|x64.ActiveCfg = Release|Any CPU
		{8AE71452-7355-4C2B-BB92-38316C4346B2}.AppStore|x64.Build.0 = Release|Any CPU
		{8AE71452-7355-4C2B-BB92-38316C4346B2}.AppStore|x64.Deploy.0 = Release|Any CPU
		{8AE71452-7355-4C2B-BB92-38316C4346B2}.AppStore|x86.ActiveCfg = Release|Any CPU
		{8AE71452-7355-4C2B-BB92-38316C4346B2}.AppStore|x86.Build.0 = Release|Any CPU
		{8AE71452-7355-4C2B-BB92-38316C4346B2}.AppStore|x86.Deploy.0 = Release|Any CPU
		{8AE71452-7355-4C2B-BB92-38316C4346B2}.Debug|Any CPU.ActiveCfg = Debug|Any CPU
		{8AE71452-7355-4C2B-BB92-38316C4346B2}.Debug|Any CPU.Build.0 = Debug|Any CPU
		{8AE71452-7355-4C2B-BB92-38316C4346B2}.Debug|Any CPU.Deploy.0 = Debug|Any CPU
		{8AE71452-7355-4C2B-BB92-38316C4346B2}.Debug|ARM.ActiveCfg = Debug|Any CPU
		{8AE71452-7355-4C2B-BB92-38316C4346B2}.Debug|ARM.Build.0 = Debug|Any CPU
		{8AE71452-7355-4C2B-BB92-38316C4346B2}.Debug|ARM.Deploy.0 = Debug|Any CPU
		{8AE71452-7355-4C2B-BB92-38316C4346B2}.Debug|iPhone.ActiveCfg = Debug|Any CPU
		{8AE71452-7355-4C2B-BB92-38316C4346B2}.Debug|iPhone.Build.0 = Debug|Any CPU
		{8AE71452-7355-4C2B-BB92-38316C4346B2}.Debug|iPhone.Deploy.0 = Debug|Any CPU
		{8AE71452-7355-4C2B-BB92-38316C4346B2}.Debug|iPhoneSimulator.ActiveCfg = Debug|Any CPU
		{8AE71452-7355-4C2B-BB92-38316C4346B2}.Debug|iPhoneSimulator.Build.0 = Debug|Any CPU
		{8AE71452-7355-4C2B-BB92-38316C4346B2}.Debug|iPhoneSimulator.Deploy.0 = Debug|Any CPU
		{8AE71452-7355-4C2B-BB92-38316C4346B2}.Debug|x64.ActiveCfg = Debug|Any CPU
		{8AE71452-7355-4C2B-BB92-38316C4346B2}.Debug|x64.Build.0 = Debug|Any CPU
		{8AE71452-7355-4C2B-BB92-38316C4346B2}.Debug|x64.Deploy.0 = Debug|Any CPU
		{8AE71452-7355-4C2B-BB92-38316C4346B2}.Debug|x86.ActiveCfg = Debug|Any CPU
		{8AE71452-7355-4C2B-BB92-38316C4346B2}.Debug|x86.Build.0 = Debug|Any CPU
		{8AE71452-7355-4C2B-BB92-38316C4346B2}.Debug|x86.Deploy.0 = Debug|Any CPU
		{8AE71452-7355-4C2B-BB92-38316C4346B2}.Release|Any CPU.ActiveCfg = Release|Any CPU
		{8AE71452-7355-4C2B-BB92-38316C4346B2}.Release|Any CPU.Build.0 = Release|Any CPU
		{8AE71452-7355-4C2B-BB92-38316C4346B2}.Release|Any CPU.Deploy.0 = Release|Any CPU
		{8AE71452-7355-4C2B-BB92-38316C4346B2}.Release|ARM.ActiveCfg = Release|Any CPU
		{8AE71452-7355-4C2B-BB92-38316C4346B2}.Release|ARM.Build.0 = Release|Any CPU
		{8AE71452-7355-4C2B-BB92-38316C4346B2}.Release|ARM.Deploy.0 = Release|Any CPU
		{8AE71452-7355-4C2B-BB92-38316C4346B2}.Release|iPhone.ActiveCfg = Release|Any CPU
		{8AE71452-7355-4C2B-BB92-38316C4346B2}.Release|iPhone.Build.0 = Release|Any CPU
		{8AE71452-7355-4C2B-BB92-38316C4346B2}.Release|iPhone.Deploy.0 = Release|Any CPU
		{8AE71452-7355-4C2B-BB92-38316C4346B2}.Release|iPhoneSimulator.ActiveCfg = Release|Any CPU
		{8AE71452-7355-4C2B-BB92-38316C4346B2}.Release|iPhoneSimulator.Build.0 = Release|Any CPU
		{8AE71452-7355-4C2B-BB92-38316C4346B2}.Release|iPhoneSimulator.Deploy.0 = Release|Any CPU
		{8AE71452-7355-4C2B-BB92-38316C4346B2}.Release|x64.ActiveCfg = Release|Any CPU
		{8AE71452-7355-4C2B-BB92-38316C4346B2}.Release|x64.Build.0 = Release|Any CPU
		{8AE71452-7355-4C2B-BB92-38316C4346B2}.Release|x64.Deploy.0 = Release|Any CPU
		{8AE71452-7355-4C2B-BB92-38316C4346B2}.Release|x86.ActiveCfg = Release|Any CPU
		{8AE71452-7355-4C2B-BB92-38316C4346B2}.Release|x86.Build.0 = Release|Any CPU
		{8AE71452-7355-4C2B-BB92-38316C4346B2}.Release|x86.Deploy.0 = Release|Any CPU
		{630494C3-5B0A-4725-ADA4-B1892D16BAD3}.Ad-Hoc|Any CPU.ActiveCfg = Release|Any CPU
		{630494C3-5B0A-4725-ADA4-B1892D16BAD3}.Ad-Hoc|Any CPU.Build.0 = Release|Any CPU
		{630494C3-5B0A-4725-ADA4-B1892D16BAD3}.Ad-Hoc|ARM.ActiveCfg = Release|Any CPU
		{630494C3-5B0A-4725-ADA4-B1892D16BAD3}.Ad-Hoc|ARM.Build.0 = Release|Any CPU
		{630494C3-5B0A-4725-ADA4-B1892D16BAD3}.Ad-Hoc|iPhone.ActiveCfg = Release|Any CPU
		{630494C3-5B0A-4725-ADA4-B1892D16BAD3}.Ad-Hoc|iPhone.Build.0 = Release|Any CPU
		{630494C3-5B0A-4725-ADA4-B1892D16BAD3}.Ad-Hoc|iPhoneSimulator.ActiveCfg = Release|Any CPU
		{630494C3-5B0A-4725-ADA4-B1892D16BAD3}.Ad-Hoc|iPhoneSimulator.Build.0 = Release|Any CPU
		{630494C3-5B0A-4725-ADA4-B1892D16BAD3}.Ad-Hoc|x64.ActiveCfg = Release|Any CPU
		{630494C3-5B0A-4725-ADA4-B1892D16BAD3}.Ad-Hoc|x64.Build.0 = Release|Any CPU
		{630494C3-5B0A-4725-ADA4-B1892D16BAD3}.Ad-Hoc|x86.ActiveCfg = Release|Any CPU
		{630494C3-5B0A-4725-ADA4-B1892D16BAD3}.Ad-Hoc|x86.Build.0 = Release|Any CPU
		{630494C3-5B0A-4725-ADA4-B1892D16BAD3}.AppStore|Any CPU.ActiveCfg = Release|Any CPU
		{630494C3-5B0A-4725-ADA4-B1892D16BAD3}.AppStore|Any CPU.Build.0 = Release|Any CPU
		{630494C3-5B0A-4725-ADA4-B1892D16BAD3}.AppStore|ARM.ActiveCfg = Release|Any CPU
		{630494C3-5B0A-4725-ADA4-B1892D16BAD3}.AppStore|ARM.Build.0 = Release|Any CPU
		{630494C3-5B0A-4725-ADA4-B1892D16BAD3}.AppStore|iPhone.ActiveCfg = Release|Any CPU
		{630494C3-5B0A-4725-ADA4-B1892D16BAD3}.AppStore|iPhone.Build.0 = Release|Any CPU
		{630494C3-5B0A-4725-ADA4-B1892D16BAD3}.AppStore|iPhoneSimulator.ActiveCfg = Release|Any CPU
		{630494C3-5B0A-4725-ADA4-B1892D16BAD3}.AppStore|iPhoneSimulator.Build.0 = Release|Any CPU
		{630494C3-5B0A-4725-ADA4-B1892D16BAD3}.AppStore|x64.ActiveCfg = Release|Any CPU
		{630494C3-5B0A-4725-ADA4-B1892D16BAD3}.AppStore|x64.Build.0 = Release|Any CPU
		{630494C3-5B0A-4725-ADA4-B1892D16BAD3}.AppStore|x86.ActiveCfg = Release|Any CPU
		{630494C3-5B0A-4725-ADA4-B1892D16BAD3}.AppStore|x86.Build.0 = Release|Any CPU
		{630494C3-5B0A-4725-ADA4-B1892D16BAD3}.Debug|Any CPU.ActiveCfg = Debug|Any CPU
		{630494C3-5B0A-4725-ADA4-B1892D16BAD3}.Debug|Any CPU.Build.0 = Debug|Any CPU
		{630494C3-5B0A-4725-ADA4-B1892D16BAD3}.Debug|ARM.ActiveCfg = Debug|Any CPU
		{630494C3-5B0A-4725-ADA4-B1892D16BAD3}.Debug|ARM.Build.0 = Debug|Any CPU
		{630494C3-5B0A-4725-ADA4-B1892D16BAD3}.Debug|iPhone.ActiveCfg = Debug|Any CPU
		{630494C3-5B0A-4725-ADA4-B1892D16BAD3}.Debug|iPhone.Build.0 = Debug|Any CPU
		{630494C3-5B0A-4725-ADA4-B1892D16BAD3}.Debug|iPhoneSimulator.ActiveCfg = Debug|Any CPU
		{630494C3-5B0A-4725-ADA4-B1892D16BAD3}.Debug|iPhoneSimulator.Build.0 = Debug|Any CPU
		{630494C3-5B0A-4725-ADA4-B1892D16BAD3}.Debug|x64.ActiveCfg = Debug|Any CPU
		{630494C3-5B0A-4725-ADA4-B1892D16BAD3}.Debug|x64.Build.0 = Debug|Any CPU
		{630494C3-5B0A-4725-ADA4-B1892D16BAD3}.Debug|x86.ActiveCfg = Debug|Any CPU
		{630494C3-5B0A-4725-ADA4-B1892D16BAD3}.Debug|x86.Build.0 = Debug|Any CPU
		{630494C3-5B0A-4725-ADA4-B1892D16BAD3}.Release|Any CPU.ActiveCfg = Release|Any CPU
		{630494C3-5B0A-4725-ADA4-B1892D16BAD3}.Release|Any CPU.Build.0 = Release|Any CPU
		{630494C3-5B0A-4725-ADA4-B1892D16BAD3}.Release|ARM.ActiveCfg = Release|Any CPU
		{630494C3-5B0A-4725-ADA4-B1892D16BAD3}.Release|ARM.Build.0 = Release|Any CPU
		{630494C3-5B0A-4725-ADA4-B1892D16BAD3}.Release|iPhone.ActiveCfg = Release|Any CPU
		{630494C3-5B0A-4725-ADA4-B1892D16BAD3}.Release|iPhone.Build.0 = Release|Any CPU
		{630494C3-5B0A-4725-ADA4-B1892D16BAD3}.Release|iPhoneSimulator.ActiveCfg = Release|Any CPU
		{630494C3-5B0A-4725-ADA4-B1892D16BAD3}.Release|iPhoneSimulator.Build.0 = Release|Any CPU
		{630494C3-5B0A-4725-ADA4-B1892D16BAD3}.Release|x64.ActiveCfg = Release|Any CPU
		{630494C3-5B0A-4725-ADA4-B1892D16BAD3}.Release|x64.Build.0 = Release|Any CPU
		{630494C3-5B0A-4725-ADA4-B1892D16BAD3}.Release|x86.ActiveCfg = Release|Any CPU
		{630494C3-5B0A-4725-ADA4-B1892D16BAD3}.Release|x86.Build.0 = Release|Any CPU
		{103E3AC8-43E3-4E73-A898-93F90DB3BB84}.Ad-Hoc|Any CPU.ActiveCfg = Release|x86
		{103E3AC8-43E3-4E73-A898-93F90DB3BB84}.Ad-Hoc|Any CPU.Build.0 = Release|x86
		{103E3AC8-43E3-4E73-A898-93F90DB3BB84}.Ad-Hoc|Any CPU.Deploy.0 = Release|x86
		{103E3AC8-43E3-4E73-A898-93F90DB3BB84}.Ad-Hoc|ARM.ActiveCfg = Release|ARM
		{103E3AC8-43E3-4E73-A898-93F90DB3BB84}.Ad-Hoc|ARM.Build.0 = Release|ARM
		{103E3AC8-43E3-4E73-A898-93F90DB3BB84}.Ad-Hoc|ARM.Deploy.0 = Release|ARM
		{103E3AC8-43E3-4E73-A898-93F90DB3BB84}.Ad-Hoc|iPhone.ActiveCfg = Release|x86
		{103E3AC8-43E3-4E73-A898-93F90DB3BB84}.Ad-Hoc|iPhone.Build.0 = Release|x86
		{103E3AC8-43E3-4E73-A898-93F90DB3BB84}.Ad-Hoc|iPhone.Deploy.0 = Release|x86
		{103E3AC8-43E3-4E73-A898-93F90DB3BB84}.Ad-Hoc|iPhoneSimulator.ActiveCfg = Release|x86
		{103E3AC8-43E3-4E73-A898-93F90DB3BB84}.Ad-Hoc|iPhoneSimulator.Build.0 = Release|x86
		{103E3AC8-43E3-4E73-A898-93F90DB3BB84}.Ad-Hoc|iPhoneSimulator.Deploy.0 = Release|x86
		{103E3AC8-43E3-4E73-A898-93F90DB3BB84}.Ad-Hoc|x64.ActiveCfg = Release|x64
		{103E3AC8-43E3-4E73-A898-93F90DB3BB84}.Ad-Hoc|x64.Build.0 = Release|x64
		{103E3AC8-43E3-4E73-A898-93F90DB3BB84}.Ad-Hoc|x64.Deploy.0 = Release|x64
		{103E3AC8-43E3-4E73-A898-93F90DB3BB84}.Ad-Hoc|x86.ActiveCfg = Release|x86
		{103E3AC8-43E3-4E73-A898-93F90DB3BB84}.Ad-Hoc|x86.Build.0 = Release|x86
		{103E3AC8-43E3-4E73-A898-93F90DB3BB84}.Ad-Hoc|x86.Deploy.0 = Release|x86
		{103E3AC8-43E3-4E73-A898-93F90DB3BB84}.AppStore|Any CPU.ActiveCfg = Release|x86
		{103E3AC8-43E3-4E73-A898-93F90DB3BB84}.AppStore|Any CPU.Build.0 = Release|x86
		{103E3AC8-43E3-4E73-A898-93F90DB3BB84}.AppStore|Any CPU.Deploy.0 = Release|x86
		{103E3AC8-43E3-4E73-A898-93F90DB3BB84}.AppStore|ARM.ActiveCfg = Release|ARM
		{103E3AC8-43E3-4E73-A898-93F90DB3BB84}.AppStore|ARM.Build.0 = Release|ARM
		{103E3AC8-43E3-4E73-A898-93F90DB3BB84}.AppStore|ARM.Deploy.0 = Release|ARM
		{103E3AC8-43E3-4E73-A898-93F90DB3BB84}.AppStore|iPhone.ActiveCfg = Release|x86
		{103E3AC8-43E3-4E73-A898-93F90DB3BB84}.AppStore|iPhone.Build.0 = Release|x86
		{103E3AC8-43E3-4E73-A898-93F90DB3BB84}.AppStore|iPhone.Deploy.0 = Release|x86
		{103E3AC8-43E3-4E73-A898-93F90DB3BB84}.AppStore|iPhoneSimulator.ActiveCfg = Release|x86
		{103E3AC8-43E3-4E73-A898-93F90DB3BB84}.AppStore|iPhoneSimulator.Build.0 = Release|x86
		{103E3AC8-43E3-4E73-A898-93F90DB3BB84}.AppStore|iPhoneSimulator.Deploy.0 = Release|x86
		{103E3AC8-43E3-4E73-A898-93F90DB3BB84}.AppStore|x64.ActiveCfg = Release|x64
		{103E3AC8-43E3-4E73-A898-93F90DB3BB84}.AppStore|x64.Build.0 = Release|x64
		{103E3AC8-43E3-4E73-A898-93F90DB3BB84}.AppStore|x64.Deploy.0 = Release|x64
		{103E3AC8-43E3-4E73-A898-93F90DB3BB84}.AppStore|x86.ActiveCfg = Release|x86
		{103E3AC8-43E3-4E73-A898-93F90DB3BB84}.AppStore|x86.Build.0 = Release|x86
		{103E3AC8-43E3-4E73-A898-93F90DB3BB84}.AppStore|x86.Deploy.0 = Release|x86
		{103E3AC8-43E3-4E73-A898-93F90DB3BB84}.Debug|Any CPU.ActiveCfg = Debug|x86
		{103E3AC8-43E3-4E73-A898-93F90DB3BB84}.Debug|ARM.ActiveCfg = Debug|ARM
		{103E3AC8-43E3-4E73-A898-93F90DB3BB84}.Debug|ARM.Build.0 = Debug|ARM
		{103E3AC8-43E3-4E73-A898-93F90DB3BB84}.Debug|ARM.Deploy.0 = Debug|ARM
		{103E3AC8-43E3-4E73-A898-93F90DB3BB84}.Debug|iPhone.ActiveCfg = Debug|x86
		{103E3AC8-43E3-4E73-A898-93F90DB3BB84}.Debug|iPhoneSimulator.ActiveCfg = Debug|x86
		{103E3AC8-43E3-4E73-A898-93F90DB3BB84}.Debug|x64.ActiveCfg = Debug|x64
		{103E3AC8-43E3-4E73-A898-93F90DB3BB84}.Debug|x64.Build.0 = Debug|x64
		{103E3AC8-43E3-4E73-A898-93F90DB3BB84}.Debug|x64.Deploy.0 = Debug|x64
		{103E3AC8-43E3-4E73-A898-93F90DB3BB84}.Debug|x86.ActiveCfg = Debug|x86
		{103E3AC8-43E3-4E73-A898-93F90DB3BB84}.Debug|x86.Build.0 = Debug|x86
		{103E3AC8-43E3-4E73-A898-93F90DB3BB84}.Debug|x86.Deploy.0 = Debug|x86
		{103E3AC8-43E3-4E73-A898-93F90DB3BB84}.Release|Any CPU.ActiveCfg = Release|x86
		{103E3AC8-43E3-4E73-A898-93F90DB3BB84}.Release|ARM.ActiveCfg = Release|ARM
		{103E3AC8-43E3-4E73-A898-93F90DB3BB84}.Release|ARM.Build.0 = Release|ARM
		{103E3AC8-43E3-4E73-A898-93F90DB3BB84}.Release|ARM.Deploy.0 = Release|ARM
		{103E3AC8-43E3-4E73-A898-93F90DB3BB84}.Release|iPhone.ActiveCfg = Release|x86
		{103E3AC8-43E3-4E73-A898-93F90DB3BB84}.Release|iPhoneSimulator.ActiveCfg = Release|x86
		{103E3AC8-43E3-4E73-A898-93F90DB3BB84}.Release|x64.ActiveCfg = Release|x64
		{103E3AC8-43E3-4E73-A898-93F90DB3BB84}.Release|x64.Build.0 = Release|x64
		{103E3AC8-43E3-4E73-A898-93F90DB3BB84}.Release|x64.Deploy.0 = Release|x64
		{103E3AC8-43E3-4E73-A898-93F90DB3BB84}.Release|x86.ActiveCfg = Release|x86
		{103E3AC8-43E3-4E73-A898-93F90DB3BB84}.Release|x86.Build.0 = Release|x86
		{103E3AC8-43E3-4E73-A898-93F90DB3BB84}.Release|x86.Deploy.0 = Release|x86
		{A60AF6E4-67FA-44A3-A0DB-C3E2C0853777}.Ad-Hoc|Any CPU.ActiveCfg = Ad-Hoc|iPhone
		{A60AF6E4-67FA-44A3-A0DB-C3E2C0853777}.Ad-Hoc|ARM.ActiveCfg = Ad-Hoc|iPhone
		{A60AF6E4-67FA-44A3-A0DB-C3E2C0853777}.Ad-Hoc|iPhone.ActiveCfg = Ad-Hoc|iPhone
		{A60AF6E4-67FA-44A3-A0DB-C3E2C0853777}.Ad-Hoc|iPhone.Build.0 = Ad-Hoc|iPhone
		{A60AF6E4-67FA-44A3-A0DB-C3E2C0853777}.Ad-Hoc|iPhoneSimulator.ActiveCfg = Ad-Hoc|iPhoneSimulator
		{A60AF6E4-67FA-44A3-A0DB-C3E2C0853777}.Ad-Hoc|iPhoneSimulator.Build.0 = Ad-Hoc|iPhoneSimulator
		{A60AF6E4-67FA-44A3-A0DB-C3E2C0853777}.Ad-Hoc|x64.ActiveCfg = Ad-Hoc|iPhone
		{A60AF6E4-67FA-44A3-A0DB-C3E2C0853777}.Ad-Hoc|x86.ActiveCfg = Ad-Hoc|iPhone
		{A60AF6E4-67FA-44A3-A0DB-C3E2C0853777}.AppStore|Any CPU.ActiveCfg = AppStore|iPhone
		{A60AF6E4-67FA-44A3-A0DB-C3E2C0853777}.AppStore|ARM.ActiveCfg = AppStore|iPhone
		{A60AF6E4-67FA-44A3-A0DB-C3E2C0853777}.AppStore|iPhone.ActiveCfg = AppStore|iPhone
		{A60AF6E4-67FA-44A3-A0DB-C3E2C0853777}.AppStore|iPhone.Build.0 = AppStore|iPhone
		{A60AF6E4-67FA-44A3-A0DB-C3E2C0853777}.AppStore|iPhoneSimulator.ActiveCfg = AppStore|iPhoneSimulator
		{A60AF6E4-67FA-44A3-A0DB-C3E2C0853777}.AppStore|iPhoneSimulator.Build.0 = AppStore|iPhoneSimulator
		{A60AF6E4-67FA-44A3-A0DB-C3E2C0853777}.AppStore|x64.ActiveCfg = AppStore|iPhone
		{A60AF6E4-67FA-44A3-A0DB-C3E2C0853777}.AppStore|x86.ActiveCfg = AppStore|iPhone
		{A60AF6E4-67FA-44A3-A0DB-C3E2C0853777}.Debug|Any CPU.ActiveCfg = Debug|iPhone
		{A60AF6E4-67FA-44A3-A0DB-C3E2C0853777}.Debug|ARM.ActiveCfg = Debug|iPhone
		{A60AF6E4-67FA-44A3-A0DB-C3E2C0853777}.Debug|iPhone.ActiveCfg = Debug|iPhone
		{A60AF6E4-67FA-44A3-A0DB-C3E2C0853777}.Debug|iPhone.Build.0 = Debug|iPhone
		{A60AF6E4-67FA-44A3-A0DB-C3E2C0853777}.Debug|iPhoneSimulator.ActiveCfg = Debug|iPhoneSimulator
		{A60AF6E4-67FA-44A3-A0DB-C3E2C0853777}.Debug|iPhoneSimulator.Build.0 = Debug|iPhoneSimulator
		{A60AF6E4-67FA-44A3-A0DB-C3E2C0853777}.Debug|x64.ActiveCfg = Debug|iPhone
		{A60AF6E4-67FA-44A3-A0DB-C3E2C0853777}.Debug|x86.ActiveCfg = Debug|iPhone
		{A60AF6E4-67FA-44A3-A0DB-C3E2C0853777}.Release|Any CPU.ActiveCfg = Release|iPhone
		{A60AF6E4-67FA-44A3-A0DB-C3E2C0853777}.Release|ARM.ActiveCfg = Release|iPhone
		{A60AF6E4-67FA-44A3-A0DB-C3E2C0853777}.Release|iPhone.ActiveCfg = Release|iPhone
		{A60AF6E4-67FA-44A3-A0DB-C3E2C0853777}.Release|iPhone.Build.0 = Release|iPhone
		{A60AF6E4-67FA-44A3-A0DB-C3E2C0853777}.Release|iPhoneSimulator.ActiveCfg = Release|iPhoneSimulator
		{A60AF6E4-67FA-44A3-A0DB-C3E2C0853777}.Release|iPhoneSimulator.Build.0 = Release|iPhoneSimulator
		{A60AF6E4-67FA-44A3-A0DB-C3E2C0853777}.Release|x64.ActiveCfg = Release|iPhone
		{A60AF6E4-67FA-44A3-A0DB-C3E2C0853777}.Release|x86.ActiveCfg = Release|iPhone
	EndGlobalSection
	GlobalSection(SolutionProperties) = preSolution
		HideSolutionNode = FALSE
	EndGlobalSection
EndGlobal
